
Microsoft Visual Studio Solution File, Format Version 12.00
# Visual Studio Version 16
VisualStudioVersion = 16.0.809.0
MinimumVisualStudioVersion = 10.0.40219.1
Project("{FAE04EC0-301F-11D3-BF4B-00C04F79EFBC}") = "FinalsExam", "FinalsExam\FinalsExam.csproj", "{A309F1DD-423D-4FE8-9D9E-F35F624F73F5}"
EndProject
Global
	GlobalSection(SolutionConfigurationPlatforms) = preSolution
		Debug|Any CPU = Debug|Any CPU
		Release|Any CPU = Release|Any CPU
	EndGlobalSection
	GlobalSection(ProjectConfigurationPlatforms) = postSolution
		{A309F1DD-423D-4FE8-9D9E-F35F624F73F5}.Debug|Any CPU.ActiveCfg = Debug|Any CPU
		{A309F1DD-423D-4FE8-9D9E-F35F624F73F5}.Debug|Any CPU.Build.0 = Debug|Any CPU
		{A309F1DD-423D-4FE8-9D9E-F35F624F73F5}.Release|Any CPU.ActiveCfg = Release|Any CPU
		{A309F1DD-423D-4FE8-9D9E-F35F624F73F5}.Release|Any CPU.Build.0 = Release|Any CPU
	EndGlobalSection
	GlobalSection(SolutionProperties) = preSolution
		HideSolutionNode = FALSE
	EndGlobalSection
	GlobalSection(ExtensibilityGlobals) = postSolution
		SolutionGuid = {3F29C929-AAC9-438F-894C-2DF921ABE959}
	EndGlobalSection
EndGlobal
