
Microsoft Visual Studio Solution File, Format Version 12.00
# Visual Studio Version 16
VisualStudioVersion = 16.0.809.0
MinimumVisualStudioVersion = 10.0.40219.1
Project("{FAE04EC0-301F-11D3-BF4B-00C04F79EFBC}") = "WeeklyAssignmentDeadlineApril29", "WeeklyAssignmentDeadlineApril29\WeeklyAssignmentDeadlineApril29.csproj", "{4025044C-C48C-4055-B9BF-13943B9C362C}"
EndProject
Global
	GlobalSection(SolutionConfigurationPlatforms) = preSolution
		Debug|Any CPU = Debug|Any CPU
		Release|Any CPU = Release|Any CPU
	EndGlobalSection
	GlobalSection(ProjectConfigurationPlatforms) = postSolution
		{4025044C-C48C-4055-B9BF-13943B9C362C}.Debug|Any CPU.ActiveCfg = Debug|Any CPU
		{4025044C-C48C-4055-B9BF-13943B9C362C}.Debug|Any CPU.Build.0 = Debug|Any CPU
		{4025044C-C48C-4055-B9BF-13943B9C362C}.Release|Any CPU.ActiveCfg = Release|Any CPU
		{4025044C-C48C-4055-B9BF-13943B9C362C}.Release|Any CPU.Build.0 = Release|Any CPU
	EndGlobalSection
	GlobalSection(SolutionProperties) = preSolution
		HideSolutionNode = FALSE
	EndGlobalSection
	GlobalSection(ExtensibilityGlobals) = postSolution
		SolutionGuid = {6EFE2AC7-46BD-4C12-933F-88E8EDD6E040}
	EndGlobalSection
EndGlobal
