
Microsoft Visual Studio Solution File, Format Version 12.00
# Visual Studio Version 16
VisualStudioVersion = 16.0.809.0
MinimumVisualStudioVersion = 10.0.40219.1
Project("{FAE04EC0-301F-11D3-BF4B-00C04F79EFBC}") = "Week7Lesson", "Week7Lesson\Week7Lesson.csproj", "{3DEC1E72-1E6F-43FC-A4AD-7C192EE9C22F}"
EndProject
Global
	GlobalSection(SolutionConfigurationPlatforms) = preSolution
		Debug|Any CPU = Debug|Any CPU
		Release|Any CPU = Release|Any CPU
	EndGlobalSection
	GlobalSection(ProjectConfigurationPlatforms) = postSolution
		{3DEC1E72-1E6F-43FC-A4AD-7C192EE9C22F}.Debug|Any CPU.ActiveCfg = Debug|Any CPU
		{3DEC1E72-1E6F-43FC-A4AD-7C192EE9C22F}.Debug|Any CPU.Build.0 = Debug|Any CPU
		{3DEC1E72-1E6F-43FC-A4AD-7C192EE9C22F}.Release|Any CPU.ActiveCfg = Release|Any CPU
		{3DEC1E72-1E6F-43FC-A4AD-7C192EE9C22F}.Release|Any CPU.Build.0 = Release|Any CPU
	EndGlobalSection
	GlobalSection(SolutionProperties) = preSolution
		HideSolutionNode = FALSE
	EndGlobalSection
	GlobalSection(ExtensibilityGlobals) = postSolution
		SolutionGuid = {A4971264-463E-4099-B11A-C21C6FB5FE3F}
	EndGlobalSection
EndGlobal
