
Microsoft Visual Studio Solution File, Format Version 12.00
# Visual Studio Version 16
VisualStudioVersion = 16.0.809.0
MinimumVisualStudioVersion = 10.0.40219.1
Project("{FAE04EC0-301F-11D3-BF4B-00C04F79EFBC}") = "Week1Activity", "Week1Activity\Week1Activity.csproj", "{A0B346B0-8A0D-4A5D-9C85-ECE62253FD0D}"
EndProject
Global
	GlobalSection(SolutionConfigurationPlatforms) = preSolution
		Debug|Any CPU = Debug|Any CPU
		Release|Any CPU = Release|Any CPU
	EndGlobalSection
	GlobalSection(ProjectConfigurationPlatforms) = postSolution
		{A0B346B0-8A0D-4A5D-9C85-ECE62253FD0D}.Debug|Any CPU.ActiveCfg = Debug|Any CPU
		{A0B346B0-8A0D-4A5D-9C85-ECE62253FD0D}.Debug|Any CPU.Build.0 = Debug|Any CPU
		{A0B346B0-8A0D-4A5D-9C85-ECE62253FD0D}.Release|Any CPU.ActiveCfg = Release|Any CPU
		{A0B346B0-8A0D-4A5D-9C85-ECE62253FD0D}.Release|Any CPU.Build.0 = Release|Any CPU
	EndGlobalSection
	GlobalSection(SolutionProperties) = preSolution
		HideSolutionNode = FALSE
	EndGlobalSection
	GlobalSection(ExtensibilityGlobals) = postSolution
		SolutionGuid = {350EE2DA-024E-4487-BEE6-E5EB2F3C0192}
	EndGlobalSection
EndGlobal
