
Microsoft Visual Studio Solution File, Format Version 12.00
# Visual Studio Version 16
VisualStudioVersion = 16.0.809.0
MinimumVisualStudioVersion = 10.0.40219.1
Project("{FAE04EC0-301F-11D3-BF4B-00C04F79EFBC}") = "LeastNumberOfCustomers", "LeastNumberOfCustomers\LeastNumberOfCustomers.csproj", "{6D4DA9A0-E1B1-4962-8B29-7846C9EB191C}"
EndProject
Global
	GlobalSection(SolutionConfigurationPlatforms) = preSolution
		Debug|Any CPU = Debug|Any CPU
		Release|Any CPU = Release|Any CPU
	EndGlobalSection
	GlobalSection(ProjectConfigurationPlatforms) = postSolution
		{6D4DA9A0-E1B1-4962-8B29-7846C9EB191C}.Debug|Any CPU.ActiveCfg = Debug|Any CPU
		{6D4DA9A0-E1B1-4962-8B29-7846C9EB191C}.Debug|Any CPU.Build.0 = Debug|Any CPU
		{6D4DA9A0-E1B1-4962-8B29-7846C9EB191C}.Release|Any CPU.ActiveCfg = Release|Any CPU
		{6D4DA9A0-E1B1-4962-8B29-7846C9EB191C}.Release|Any CPU.Build.0 = Release|Any CPU
	EndGlobalSection
	GlobalSection(SolutionProperties) = preSolution
		HideSolutionNode = FALSE
	EndGlobalSection
	GlobalSection(ExtensibilityGlobals) = postSolution
		SolutionGuid = {B05417A6-2194-4CC0-966F-1D5A9B96461E}
	EndGlobalSection
EndGlobal
