
Microsoft Visual Studio Solution File, Format Version 12.00
# Visual Studio Version 16
VisualStudioVersion = 16.0.809.0
MinimumVisualStudioVersion = 10.0.40219.1
Project("{FAE04EC0-301F-11D3-BF4B-00C04F79EFBC}") = "FoodClassifier", "FoodClassifier\FoodClassifier.csproj", "{E154B122-53EC-4EEE-A83A-54870CF59216}"
EndProject
Global
	GlobalSection(SolutionConfigurationPlatforms) = preSolution
		Debug|Any CPU = Debug|Any CPU
		Release|Any CPU = Release|Any CPU
	EndGlobalSection
	GlobalSection(ProjectConfigurationPlatforms) = postSolution
		{E154B122-53EC-4EEE-A83A-54870CF59216}.Debug|Any CPU.ActiveCfg = Debug|Any CPU
		{E154B122-53EC-4EEE-A83A-54870CF59216}.Debug|Any CPU.Build.0 = Debug|Any CPU
		{E154B122-53EC-4EEE-A83A-54870CF59216}.Release|Any CPU.ActiveCfg = Release|Any CPU
		{E154B122-53EC-4EEE-A83A-54870CF59216}.Release|Any CPU.Build.0 = Release|Any CPU
	EndGlobalSection
	GlobalSection(SolutionProperties) = preSolution
		HideSolutionNode = FALSE
	EndGlobalSection
	GlobalSection(ExtensibilityGlobals) = postSolution
		SolutionGuid = {9318EE58-29A2-4185-ACEE-F1025989C8E4}
	EndGlobalSection
EndGlobal
